
Microsoft Visual Studio Solution File, Format Version 12.00
# Visual Studio 15
VisualStudioVersion = 15.0.28010.2046
MinimumVisualStudioVersion = 10.0.40219.1
Project("{2150E333-8FDC-42A3-9474-1A3956D46DE8}") = "Host", "Host", "{054DA4EA-C29E-4893-A1BE-CA65D17B8613}"
EndProject
Project("{2150E333-8FDC-42A3-9474-1A3956D46DE8}") = "Libraries", "Libraries", "{758564AC-CEAE-4C63-B374-B112C310977A}"
EndProject
Project("{FAE04EC0-301F-11D3-BF4B-00C04F79EFBC}") = "LMDirect.MassTransit", "LMDirect.MassTransit\LMDirect.MassTransit.csproj", "{07A2EDFB-36D3-4E27-B617-53DC382E068D}"
EndProject
Project("{FAE04EC0-301F-11D3-BF4B-00C04F79EFBC}") = "LMDirect.Services", "LMDirect.Services\LMDirect.Services.csproj", "{6340613E-3770-454E-B4EB-D2CDA8F6FEB8}"
EndProject
Project("{FAE04EC0-301F-11D3-BF4B-00C04F79EFBC}") = "LMDirect.Messages", "LMDirect.Messages\LMDirect.Messages.csproj", "{FA53D5D6-63E3-4FAE-AD88-C14F92C013DE}"
EndProject
Project("{FAE04EC0-301F-11D3-BF4B-00C04F79EFBC}") = "LMDirect.WinService", "LMDirect.WinService\LMDirect.WinService.csproj", "{25C4487B-3D3A-4131-8F3B-509B4332037F}"
EndProject
Project("{FAE04EC0-301F-11D3-BF4B-00C04F79EFBC}") = "LMDirect.SocketService", "LMDirect.SocketService\LMDirect.SocketService.csproj", "{5D49BA1A-28B7-4DCF-A7E6-D5579CAAF693}"
EndProject
Project("{FAE04EC0-301F-11D3-BF4B-00C04F79EFBC}") = "LMDirect.Core", "LMDirect.Core\LMDirect.Core.csproj", "{9F8EB59F-BD70-416B-86C6-4F2311FDADAD}"
EndProject
Project("{FAE04EC0-301F-11D3-BF4B-00C04F79EFBC}") = "LMDirect.Framework", "LMDirect.Framework\LMDirect.Framework.csproj", "{6D7FAF6A-20AD-4997-AEB0-9A286FC7CCF3}"
EndProject
Global
	GlobalSection(SolutionConfigurationPlatforms) = preSolution
		Debug|Any CPU = Debug|Any CPU
		Release|Any CPU = Release|Any CPU
	EndGlobalSection
	GlobalSection(ProjectConfigurationPlatforms) = postSolution
		{07A2EDFB-36D3-4E27-B617-53DC382E068D}.Debug|Any CPU.ActiveCfg = Debug|Any CPU
		{07A2EDFB-36D3-4E27-B617-53DC382E068D}.Debug|Any CPU.Build.0 = Debug|Any CPU
		{07A2EDFB-36D3-4E27-B617-53DC382E068D}.Release|Any CPU.ActiveCfg = Release|Any CPU
		{07A2EDFB-36D3-4E27-B617-53DC382E068D}.Release|Any CPU.Build.0 = Release|Any CPU
		{6340613E-3770-454E-B4EB-D2CDA8F6FEB8}.Debug|Any CPU.ActiveCfg = Debug|Any CPU
		{6340613E-3770-454E-B4EB-D2CDA8F6FEB8}.Debug|Any CPU.Build.0 = Debug|Any CPU
		{6340613E-3770-454E-B4EB-D2CDA8F6FEB8}.Release|Any CPU.ActiveCfg = Release|Any CPU
		{6340613E-3770-454E-B4EB-D2CDA8F6FEB8}.Release|Any CPU.Build.0 = Release|Any CPU
		{FA53D5D6-63E3-4FAE-AD88-C14F92C013DE}.Debug|Any CPU.ActiveCfg = Debug|Any CPU
		{FA53D5D6-63E3-4FAE-AD88-C14F92C013DE}.Debug|Any CPU.Build.0 = Debug|Any CPU
		{FA53D5D6-63E3-4FAE-AD88-C14F92C013DE}.Release|Any CPU.ActiveCfg = Release|Any CPU
		{FA53D5D6-63E3-4FAE-AD88-C14F92C013DE}.Release|Any CPU.Build.0 = Release|Any CPU
		{25C4487B-3D3A-4131-8F3B-509B4332037F}.Debug|Any CPU.ActiveCfg = Debug|Any CPU
		{25C4487B-3D3A-4131-8F3B-509B4332037F}.Debug|Any CPU.Build.0 = Debug|Any CPU
		{25C4487B-3D3A-4131-8F3B-509B4332037F}.Release|Any CPU.ActiveCfg = Release|Any CPU
		{25C4487B-3D3A-4131-8F3B-509B4332037F}.Release|Any CPU.Build.0 = Release|Any CPU
		{5D49BA1A-28B7-4DCF-A7E6-D5579CAAF693}.Debug|Any CPU.ActiveCfg = Debug|Any CPU
		{5D49BA1A-28B7-4DCF-A7E6-D5579CAAF693}.Debug|Any CPU.Build.0 = Debug|Any CPU
		{5D49BA1A-28B7-4DCF-A7E6-D5579CAAF693}.Release|Any CPU.ActiveCfg = Release|Any CPU
		{5D49BA1A-28B7-4DCF-A7E6-D5579CAAF693}.Release|Any CPU.Build.0 = Release|Any CPU
		{9F8EB59F-BD70-416B-86C6-4F2311FDADAD}.Debug|Any CPU.ActiveCfg = Debug|Any CPU
		{9F8EB59F-BD70-416B-86C6-4F2311FDADAD}.Debug|Any CPU.Build.0 = Debug|Any CPU
		{9F8EB59F-BD70-416B-86C6-4F2311FDADAD}.Release|Any CPU.ActiveCfg = Release|Any CPU
		{9F8EB59F-BD70-416B-86C6-4F2311FDADAD}.Release|Any CPU.Build.0 = Release|Any CPU
		{6D7FAF6A-20AD-4997-AEB0-9A286FC7CCF3}.Debug|Any CPU.ActiveCfg = Debug|Any CPU
		{6D7FAF6A-20AD-4997-AEB0-9A286FC7CCF3}.Debug|Any CPU.Build.0 = Debug|Any CPU
		{6D7FAF6A-20AD-4997-AEB0-9A286FC7CCF3}.Release|Any CPU.ActiveCfg = Release|Any CPU
		{6D7FAF6A-20AD-4997-AEB0-9A286FC7CCF3}.Release|Any CPU.Build.0 = Release|Any CPU
	EndGlobalSection
	GlobalSection(SolutionProperties) = preSolution
		HideSolutionNode = FALSE
	EndGlobalSection
	GlobalSection(NestedProjects) = preSolution
		{07A2EDFB-36D3-4E27-B617-53DC382E068D} = {758564AC-CEAE-4C63-B374-B112C310977A}
		{6340613E-3770-454E-B4EB-D2CDA8F6FEB8} = {758564AC-CEAE-4C63-B374-B112C310977A}
		{FA53D5D6-63E3-4FAE-AD88-C14F92C013DE} = {758564AC-CEAE-4C63-B374-B112C310977A}
		{25C4487B-3D3A-4131-8F3B-509B4332037F} = {054DA4EA-C29E-4893-A1BE-CA65D17B8613}
		{5D49BA1A-28B7-4DCF-A7E6-D5579CAAF693} = {054DA4EA-C29E-4893-A1BE-CA65D17B8613}
		{9F8EB59F-BD70-416B-86C6-4F2311FDADAD} = {758564AC-CEAE-4C63-B374-B112C310977A}
		{6D7FAF6A-20AD-4997-AEB0-9A286FC7CCF3} = {758564AC-CEAE-4C63-B374-B112C310977A}
	EndGlobalSection
	GlobalSection(ExtensibilityGlobals) = postSolution
		SolutionGuid = {3998EA88-70CC-4C69-A4E8-8857EA76B9AC}
	EndGlobalSection
EndGlobal
